
Microsoft Visual Studio Solution File, Format Version 12.00
# Visual Studio Version 16
VisualStudioVersion = 16.0.30717.126
MinimumVisualStudioVersion = 10.0.40219.1
Project("{9A19103F-16F7-4668-BE54-9A1E7A4F7556}") = "OnlineStore", "OnlineStore\OnlineStore.csproj", "{C45FBAAF-950D-4CA7-BDCB-9F64B8E0D565}"
EndProject
Project("{2150E333-8FDC-42A3-9474-1A3956D46DE8}") = "Domain", "Domain", "{57D89094-C64F-44B6-B507-A8D77131259A}"
EndProject
Project("{2150E333-8FDC-42A3-9474-1A3956D46DE8}") = "Presentation", "Presentation", "{C6411191-19DA-463B-816D-990A95954172}"
EndProject
Project("{2150E333-8FDC-42A3-9474-1A3956D46DE8}") = "Infrastructure", "Infrastructure", "{25E62D0A-EE15-41E7-9918-A584F930E212}"
EndProject
Project("{FAE04EC0-301F-11D3-BF4B-00C04F79EFBC}") = "OnlineStore.Domain.Core", "OnlineStore.Domain.Core\OnlineStore.Domain.Core.csproj", "{2B59236B-29E4-486B-A319-49CB373EA266}"
EndProject
Project("{FAE04EC0-301F-11D3-BF4B-00C04F79EFBC}") = "OnlineStore.Infrastructure.Persistance", "OnlineStore.Infrastructure.Persistance\OnlineStore.Infrastructure.Persistance.csproj", "{5D45E2FE-50CE-4B57-8B4B-E60C6E221C67}"
EndProject
Global
	GlobalSection(SolutionConfigurationPlatforms) = preSolution
		Debug|Any CPU = Debug|Any CPU
		Release|Any CPU = Release|Any CPU
	EndGlobalSection
	GlobalSection(ProjectConfigurationPlatforms) = postSolution
		{C45FBAAF-950D-4CA7-BDCB-9F64B8E0D565}.Debug|Any CPU.ActiveCfg = Debug|Any CPU
		{C45FBAAF-950D-4CA7-BDCB-9F64B8E0D565}.Debug|Any CPU.Build.0 = Debug|Any CPU
		{C45FBAAF-950D-4CA7-BDCB-9F64B8E0D565}.Release|Any CPU.ActiveCfg = Release|Any CPU
		{C45FBAAF-950D-4CA7-BDCB-9F64B8E0D565}.Release|Any CPU.Build.0 = Release|Any CPU
		{2B59236B-29E4-486B-A319-49CB373EA266}.Debug|Any CPU.ActiveCfg = Debug|Any CPU
		{2B59236B-29E4-486B-A319-49CB373EA266}.Debug|Any CPU.Build.0 = Debug|Any CPU
		{2B59236B-29E4-486B-A319-49CB373EA266}.Release|Any CPU.ActiveCfg = Release|Any CPU
		{2B59236B-29E4-486B-A319-49CB373EA266}.Release|Any CPU.Build.0 = Release|Any CPU
		{5D45E2FE-50CE-4B57-8B4B-E60C6E221C67}.Debug|Any CPU.ActiveCfg = Debug|Any CPU
		{5D45E2FE-50CE-4B57-8B4B-E60C6E221C67}.Debug|Any CPU.Build.0 = Debug|Any CPU
		{5D45E2FE-50CE-4B57-8B4B-E60C6E221C67}.Release|Any CPU.ActiveCfg = Release|Any CPU
		{5D45E2FE-50CE-4B57-8B4B-E60C6E221C67}.Release|Any CPU.Build.0 = Release|Any CPU
	EndGlobalSection
	GlobalSection(SolutionProperties) = preSolution
		HideSolutionNode = FALSE
	EndGlobalSection
	GlobalSection(NestedProjects) = preSolution
		{2B59236B-29E4-486B-A319-49CB373EA266} = {57D89094-C64F-44B6-B507-A8D77131259A}
		{5D45E2FE-50CE-4B57-8B4B-E60C6E221C67} = {25E62D0A-EE15-41E7-9918-A584F930E212}
	EndGlobalSection
	GlobalSection(ExtensibilityGlobals) = postSolution
		SolutionGuid = {F55C4C8F-99D3-4FE9-884D-81EFA166EDD3}
	EndGlobalSection
EndGlobal
